
Microsoft Visual Studio Solution File, Format Version 12.00
# Visual Studio Version 16
VisualStudioVersion = 16.0.30225.117
MinimumVisualStudioVersion = 10.0.40219.1
Project("{FAE04EC0-301F-11D3-BF4B-00C04F79EFBC}") = "client-remote-desktop", "client-remote-desktop.csproj", "{14F9932A-FF99-4A2D-AF48-BFADDE77F77D}"
EndProject
Global
	GlobalSection(SolutionConfigurationPlatforms) = preSolution
		Debug|Any CPU = Debug|Any CPU
		Release|Any CPU = Release|Any CPU
	EndGlobalSection
	GlobalSection(ProjectConfigurationPlatforms) = postSolution
		{14F9932A-FF99-4A2D-AF48-BFADDE77F77D}.Debug|Any CPU.ActiveCfg = Debug|Any CPU
		{14F9932A-FF99-4A2D-AF48-BFADDE77F77D}.Debug|Any CPU.Build.0 = Debug|Any CPU
		{14F9932A-FF99-4A2D-AF48-BFADDE77F77D}.Release|Any CPU.ActiveCfg = Release|Any CPU
		{14F9932A-FF99-4A2D-AF48-BFADDE77F77D}.Release|Any CPU.Build.0 = Release|Any CPU
	EndGlobalSection
	GlobalSection(SolutionProperties) = preSolution
		HideSolutionNode = FALSE
	EndGlobalSection
	GlobalSection(ExtensibilityGlobals) = postSolution
		SolutionGuid = {7CF34C94-D4C1-4182-A406-A97A2B2E982D}
	EndGlobalSection
EndGlobal
